<?xml version="1.0" encoding="utf-8"?>
<Project ToolsVersion="4.0" xmlns="http://schemas.microsoft.com/developer/msbuild/2003">
  <ItemGroup>
    <Filter Include="ソース ファイル">
      <UniqueIdentifier>{4FC737F1-C7A5-4376-A066-2A32D752A2FF}</UniqueIdentifier>
      <Extensions>cpp;c;cc;cxx;c++;cppm;ixx;def;odl;idl;hpj;bat;asm;asmx</Extensions>
    </Filter>
    <Filter Include="ヘッダー ファイル">
      <UniqueIdentifier>{93995380-89BD-4b04-88EB-625FBE52EBFB}</UniqueIdentifier>
      <Extensions>h;hh;hpp;hxx;h++;hm;inl;inc;ipp;xsd</Extensions>
    </Filter>
    <Filter Include="リソース ファイル">
      <UniqueIdentifier>{67DA6AB6-F800-4c08-8B7A-83BB121AAD01}</UniqueIdentifier>
      <Extensions>rc;ico;cur;bmp;dlg;rc2;rct;bin;rgs;gif;jpg;jpeg;jpe;resx;tiff;tif;png;wav;mfcribbon-ms</Extensions>
    </Filter>
    <Filter Include="シェーダー ファイル">
      <UniqueIdentifier>{718c7f4c-fc51-40ad-a221-b9456a7a1a3c}</UniqueIdentifier>
    </Filter>
    <Filter Include="ソース ファイル\Game">
      <UniqueIdentifier>{b82a57c9-482b-4475-b84b-49145415cdf9}</UniqueIdentifier>
    </Filter>
    <Filter Include="ソース ファイル\Scene">
      <UniqueIdentifier>{8743f1f4-ac9c-40d6-9e20-56b41321f711}</UniqueIdentifier>
    </Filter>
    <Filter Include="ソース ファイル\etc">
      <UniqueIdentifier>{14d6a73d-585e-4828-ba33-e886a8fd368b}</UniqueIdentifier>
    </Filter>
    <Filter Include="ヘッダー ファイル\etc">
      <UniqueIdentifier>{d8bf763a-02e4-46ba-9b2b-cd585fec6f1a}</UniqueIdentifier>
    </Filter>
    <Filter Include="ヘッダー ファイル\Game">
      <UniqueIdentifier>{c2143546-3b05-4bd3-9b11-acf9d225f33b}</UniqueIdentifier>
    </Filter>
    <Filter Include="ヘッダー ファイル\Scene">
      <UniqueIdentifier>{c39a04b2-98fd-47fe-bde1-8df23c17f737}</UniqueIdentifier>
    </Filter>
    <Filter Include="ソース ファイル\Game\Camera">
      <UniqueIdentifier>{6279a8ab-719b-4833-bbef-31705f263b0c}</UniqueIdentifier>
    </Filter>
    <Filter Include="ソース ファイル\Game\Enemys">
      <UniqueIdentifier>{5b5e2dc3-3b3d-4357-9c72-0c9fa220e979}</UniqueIdentifier>
    </Filter>
    <Filter Include="ソース ファイル\Game\Stage">
      <UniqueIdentifier>{3a37e556-1fdc-4789-acb1-465a4ef8bb83}</UniqueIdentifier>
    </Filter>
    <Filter Include="ソース ファイル\Game\Player">
      <UniqueIdentifier>{1889e58f-2d2a-48fa-8522-12d3974330be}</UniqueIdentifier>
    </Filter>
    <Filter Include="ソース ファイル\Scene\Manager">
      <UniqueIdentifier>{68a919b7-0b22-4f46-9afd-a27409762e75}</UniqueIdentifier>
    </Filter>
    <Filter Include="ソース ファイル\Scene\Scenes">
      <UniqueIdentifier>{f307c6b3-541b-440d-9900-9b9e1afcf224}</UniqueIdentifier>
    </Filter>
    <Filter Include="ソース ファイル\Game\Particle">
      <UniqueIdentifier>{d50aae50-9163-4d2f-8d3b-1493fd6398ad}</UniqueIdentifier>
    </Filter>
    <Filter Include="ヘッダー ファイル\Game\Camera">
      <UniqueIdentifier>{f0a2cc6e-a8ae-4236-9b10-8e8f7cb28d46}</UniqueIdentifier>
    </Filter>
    <Filter Include="ヘッダー ファイル\Game\Enemy">
      <UniqueIdentifier>{41cd3a76-1f8f-49e3-99aa-4e2d83eaf4c5}</UniqueIdentifier>
    </Filter>
    <Filter Include="ヘッダー ファイル\Game\Stage">
      <UniqueIdentifier>{c4fc4f80-5591-4765-be4d-d48293bd7053}</UniqueIdentifier>
    </Filter>
    <Filter Include="ヘッダー ファイル\Game\Player">
      <UniqueIdentifier>{919f7203-144b-491a-9224-cb2f05a02c95}</UniqueIdentifier>
    </Filter>
    <Filter Include="ヘッダー ファイル\Scene\Manager">
      <UniqueIdentifier>{d27d34f3-b2af-4f2f-a6ae-6b881c64d5f6}</UniqueIdentifier>
    </Filter>
    <Filter Include="ヘッダー ファイル\Scene\Scenes">
      <UniqueIdentifier>{32241716-bc28-4274-adfd-22b001649ea8}</UniqueIdentifier>
    </Filter>
    <Filter Include="ヘッダー ファイル\Game\Particle">
      <UniqueIdentifier>{d57be713-7e20-406a-9cdc-2364d9e6bb7c}</UniqueIdentifier>
    </Filter>
  </ItemGroup>
  <ItemGroup>
    <ClCompile Include="main.cpp">
      <Filter>ソース ファイル</Filter>
    </ClCompile>
    <ClCompile Include="engine\Enemy\Enemy.cpp">
      <Filter>ソース ファイル\Game\Enemys</Filter>
    </ClCompile>
    <ClCompile Include="engine\Enemy\EnemyManager.cpp">
      <Filter>ソース ファイル\Game\Enemys</Filter>
    </ClCompile>
    <ClCompile Include="engine\Player\Player.cpp">
      <Filter>ソース ファイル\Game\Player</Filter>
    </ClCompile>
    <ClCompile Include="etc\MathUtilityForText.cpp">
      <Filter>ソース ファイル\etc</Filter>
    </ClCompile>
    <ClCompile Include="etc\worldTransformEx.cpp">
      <Filter>ソース ファイル\etc</Filter>
    </ClCompile>
    <ClCompile Include="engine\Map\SkyDome\SkyDome.cpp">
      <Filter>ソース ファイル\Game</Filter>
    </ClCompile>
    <ClCompile Include="engine\Map\MapChipField.cpp">
      <Filter>ソース ファイル\Game\Stage</Filter>
    </ClCompile>
    <ClCompile Include="engine\Map\MapManager.cpp">
      <Filter>ソース ファイル\Game\Stage</Filter>
    </ClCompile>
    <ClCompile Include="engine\Camera\CameraController.cpp">
      <Filter>ソース ファイル\Game\Camera</Filter>
    </ClCompile>
    <ClCompile Include="engine\Camera\CameraManager.cpp">
      <Filter>ソース ファイル\Game\Camera</Filter>
    </ClCompile>
    <ClCompile Include="engine\Scene\SceneManager\SceneManager.cpp">
      <Filter>ソース ファイル\Scene\Manager</Filter>
    </ClCompile>
    <ClCompile Include="engine\Scene\SceneManager\PhaseManager.cpp">
      <Filter>ソース ファイル\Scene\Manager</Filter>
    </ClCompile>
    <ClCompile Include="engine\Scene\Scenes\GameOverScene.cpp">
      <Filter>ソース ファイル\Scene\Scenes</Filter>
    </ClCompile>
    <ClCompile Include="engine\Scene\Scenes\ClearScene.cpp">
      <Filter>ソース ファイル\Scene\Scenes</Filter>
    </ClCompile>
    <ClCompile Include="application\base\GameScene.cpp">
      <Filter>ソース ファイル\Scene\Scenes</Filter>
    </ClCompile>
    <ClCompile Include="engine\Scene\Scenes\TitleScene.cpp">
      <Filter>ソース ファイル\Scene\Scenes</Filter>
    </ClCompile>
    <ClCompile Include="engine\Particle\DeathParticles.cpp">
      <Filter>ソース ファイル\Game\Particle</Filter>
    </ClCompile>
    <ClCompile Include="engine\Enemy\EnemyParticle\EnemyDeathParticles.cpp">
      <Filter>ソース ファイル</Filter>
    </ClCompile>
    <ClCompile Include="engine\Scene\Scenes\StageSelect.cpp">
      <Filter>ソース ファイル</Filter>
    </ClCompile>
    <ClCompile Include="engine\Score\Score.cpp">
      <Filter>ソース ファイル</Filter>
    </ClCompile>
    <ClCompile Include="engine\Time\Timer.cpp">
      <Filter>ソース ファイル</Filter>
    </ClCompile>
    <ClCompile Include="engine\Spawn\SpawnManager.cpp">
      <Filter>ソース ファイル</Filter>
    </ClCompile>
    <ClCompile Include="engine\Particle\ParticleSystem.cpp">
      <Filter>ソース ファイル</Filter>
    </ClCompile>
    <ClCompile Include="engine\LoadJson\FileJson\FileJson.cpp">
      <Filter>ソース ファイル</Filter>
    </ClCompile>
    <ClCompile Include="engine\Score\ScoreManager\ScoreManager.cpp">
      <Filter>ソース ファイル</Filter>
    </ClCompile>
    <ClCompile Include="engine\Score\Log\ScoreLog.cpp">
      <Filter>ソース ファイル</Filter>
    </ClCompile>
    <ClCompile Include="engine\Enemy\EnemyBullet\EnemyBullet.cpp">
      <Filter>ソース ファイル</Filter>
    </ClCompile>
  </ItemGroup>
  <ItemGroup>
    <FxCompile Include="Resources\shaders\SpritePS.hlsl">
      <Filter>シェーダー ファイル</Filter>
    </FxCompile>
    <FxCompile Include="Resources\shaders\SpriteVS.hlsl">
      <Filter>シェーダー ファイル</Filter>
    </FxCompile>
    <FxCompile Include="Resources\shaders\ShapeVS.hlsl">
      <Filter>シェーダー ファイル</Filter>
    </FxCompile>
    <FxCompile Include="Resources\shaders\ShapePS.hlsl">
      <Filter>シェーダー ファイル</Filter>
    </FxCompile>
    <FxCompile Include="Resources\shaders\ObjPS.hlsl">
      <Filter>シェーダー ファイル</Filter>
    </FxCompile>
    <FxCompile Include="Resources\shaders\ObjVS.hlsl">
      <Filter>シェーダー ファイル</Filter>
    </FxCompile>
    <FxCompile Include="Resources\shaders\PrimitivePS.hlsl">
      <Filter>シェーダー ファイル</Filter>
    </FxCompile>
    <FxCompile Include="Resources\shaders\PrimitiveVS.hlsl">
      <Filter>シェーダー ファイル</Filter>
    </FxCompile>
    <FxCompile Include="Resources\shaders\TerrainPS.hlsl">
      <Filter>シェーダー ファイル</Filter>
    </FxCompile>
    <FxCompile Include="Resources\shaders\TerrainVS.hlsl">
      <Filter>シェーダー ファイル</Filter>
    </FxCompile>
  </ItemGroup>
  <ItemGroup>
    <None Include="Resources\shaders\Sprite.hlsli">
      <Filter>シェーダー ファイル</Filter>
    </None>
    <None Include="Resources\shaders\Shape.hlsli">
      <Filter>シェーダー ファイル</Filter>
    </None>
    <None Include="Resources\shaders\Obj.hlsli">
      <Filter>シェーダー ファイル</Filter>
    </None>
    <None Include="Resources\shaders\Primitive.hlsli">
      <Filter>シェーダー ファイル</Filter>
    </None>
    <None Include="Resources\shaders\Terrain.hlsli">
      <Filter>シェーダー ファイル</Filter>
    </None>
    <None Include="Resources\Json\highScore.json" />
  </ItemGroup>
  <ItemGroup>
    <ClInclude Include="etc\AABB.h">
      <Filter>ヘッダー ファイル\etc</Filter>
    </ClInclude>
    <ClInclude Include="etc\MathUtilityForText.h">
      <Filter>ヘッダー ファイル\etc</Filter>
    </ClInclude>
    <ClInclude Include="engine\Enemy\Enemy.h">
      <Filter>ヘッダー ファイル\Game\Enemy</Filter>
    </ClInclude>
    <ClInclude Include="engine\Enemy\EnemyManager.h">
      <Filter>ヘッダー ファイル\Game\Enemy</Filter>
    </ClInclude>
    <ClInclude Include="engine\Player\Player.h">
      <Filter>ヘッダー ファイル\Game\Player</Filter>
    </ClInclude>
    <ClInclude Include="engine\Map\MapChipField.h">
      <Filter>ヘッダー ファイル\Game\Stage</Filter>
    </ClInclude>
    <ClInclude Include="engine\Map\MapManager.h">
      <Filter>ヘッダー ファイル\Game\Stage</Filter>
    </ClInclude>
    <ClInclude Include="engine\Map\SkyDome\SkyDome.h">
      <Filter>ヘッダー ファイル\Game</Filter>
    </ClInclude>
    <ClInclude Include="engine\Camera\CameraController.h">
      <Filter>ヘッダー ファイル\Game\Camera</Filter>
    </ClInclude>
    <ClInclude Include="engine\Camera\CameraManager.h">
      <Filter>ヘッダー ファイル\Game\Camera</Filter>
    </ClInclude>
    <ClInclude Include="engine\Scene\SceneManager\PhaseManager.h">
      <Filter>ヘッダー ファイル\Scene\Manager</Filter>
    </ClInclude>
    <ClInclude Include="engine\Scene\SceneManager\SceneManager.h">
      <Filter>ヘッダー ファイル\Scene\Manager</Filter>
    </ClInclude>
    <ClInclude Include="engine\Scene\Scenes\ClearScene.h">
      <Filter>ヘッダー ファイル\Scene\Scenes</Filter>
    </ClInclude>
    <ClInclude Include="engine\Scene\Scenes\GameOverScene.h">
      <Filter>ヘッダー ファイル\Scene\Scenes</Filter>
    </ClInclude>
    <ClInclude Include="application\base\GameScene.h">
      <Filter>ヘッダー ファイル\Scene\Scenes</Filter>
    </ClInclude>
    <ClInclude Include="engine\Scene\Scenes\TitleScene.h">
      <Filter>ヘッダー ファイル\Scene\Scenes</Filter>
    </ClInclude>
    <ClInclude Include="engine\Scene\SceneManager\SceneID.h">
      <Filter>ヘッダー ファイル\Scene\Manager</Filter>
    </ClInclude>
    <ClInclude Include="engine\Scene\SceneManager\Scene.h">
      <Filter>ヘッダー ファイル\Scene\Manager</Filter>
    </ClInclude>
    <ClInclude Include="engine\Particle\DeathParticles.h">
      <Filter>ヘッダー ファイル\Game\Particle</Filter>
    </ClInclude>
    <ClInclude Include="engine\Enemy\EnemyParticle\EnemyDeathParticles.h">
      <Filter>ヘッダー ファイル</Filter>
    </ClInclude>
    <ClInclude Include="engine\Scene\Scenes\StageSelect.h">
      <Filter>ヘッダー ファイル</Filter>
    </ClInclude>
    <ClInclude Include="engine\Score\Score.h">
      <Filter>ヘッダー ファイル</Filter>
    </ClInclude>
    <ClInclude Include="engine\Time\Timer.h">
      <Filter>ヘッダー ファイル</Filter>
    </ClInclude>
    <ClInclude Include="engine\Spawn\SpawnManager.h">
      <Filter>ヘッダー ファイル</Filter>
    </ClInclude>
    <ClInclude Include="engine\Particle\ParticleSystem.h">
      <Filter>ヘッダー ファイル</Filter>
    </ClInclude>
    <ClInclude Include="engine\LoadJson\FileJson\FileJson.h">
      <Filter>ヘッダー ファイル</Filter>
    </ClInclude>
    <ClInclude Include="engine\Score\ScoreManager\ScoreManager.h">
      <Filter>ヘッダー ファイル</Filter>
    </ClInclude>
    <ClInclude Include="engine\Score\Log\ScoreLog.h">
      <Filter>ヘッダー ファイル</Filter>
    </ClInclude>
    <ClInclude Include="engine\Enemy\EnemyBullet\EnemyBullet.h">
      <Filter>ヘッダー ファイル</Filter>
    </ClInclude>
  </ItemGroup>
</Project>